
Microsoft Visual Studio Solution File, Format Version 12.00
# Visual Studio Version 16
VisualStudioVersion = 16.0.30413.136
MinimumVisualStudioVersion = 10.0.40219.1
Project("{FAE04EC0-301F-11D3-BF4B-00C04F79EFBC}") = "TPQR_Session2_7_9", "TPQR_Session2_7_9.csproj", "{84376549-FEC6-4F95-A4A7-5DA8F55895D3}"
EndProject
Global
	GlobalSection(SolutionConfigurationPlatforms) = preSolution
		Debug|Any CPU = Debug|Any CPU
		Release|Any CPU = Release|Any CPU
	EndGlobalSection
	GlobalSection(ProjectConfigurationPlatforms) = postSolution
		{84376549-FEC6-4F95-A4A7-5DA8F55895D3}.Debug|Any CPU.ActiveCfg = Debug|Any CPU
		{84376549-FEC6-4F95-A4A7-5DA8F55895D3}.Debug|Any CPU.Build.0 = Debug|Any CPU
		{84376549-FEC6-4F95-A4A7-5DA8F55895D3}.Release|Any CPU.ActiveCfg = Release|Any CPU
		{84376549-FEC6-4F95-A4A7-5DA8F55895D3}.Release|Any CPU.Build.0 = Release|Any CPU
	EndGlobalSection
	GlobalSection(SolutionProperties) = preSolution
		HideSolutionNode = FALSE
	EndGlobalSection
	GlobalSection(ExtensibilityGlobals) = postSolution
		SolutionGuid = {5BB82F9F-A75C-44F8-9012-ACA7F21AEC62}
	EndGlobalSection
EndGlobal
